
Microsoft Visual Studio Solution File, Format Version 12.00
# Visual Studio 15
VisualStudioVersion = 15.0.28307.1259
MinimumVisualStudioVersion = 10.0.40219.1
Project("{2150E333-8FDC-42A3-9474-1A3956D46DE8}") = "Web", "Web", "{CCB60EE4-D856-4FCD-830B-8A1B5C5321CD}"
EndProject
Project("{2150E333-8FDC-42A3-9474-1A3956D46DE8}") = "Aplicacao", "Aplicacao", "{2736FB9D-0F41-4C03-8E4E-E9F3D02A9F56}"
EndProject
Project("{2150E333-8FDC-42A3-9474-1A3956D46DE8}") = "Dominio", "Dominio", "{37AF5A2A-7758-48B2-B6EB-930D43683F70}"
EndProject
Project("{2150E333-8FDC-42A3-9474-1A3956D46DE8}") = "Infraestrutura", "Infraestrutura", "{463190CB-2858-452F-9626-7889B332B112}"
EndProject
Project("{FAE04EC0-301F-11D3-BF4B-00C04F79EFBC}") = "Cgp.Infraestrutura", "GCN.Infraestrutura\Cgp.Infraestrutura.csproj", "{2BB21161-BBE2-4E94-94AF-439A8E49B1AE}"
EndProject
Project("{FAE04EC0-301F-11D3-BF4B-00C04F79EFBC}") = "Cgp.Dominio", "GCN.Dominio\Cgp.Dominio.csproj", "{8E93870E-B982-4D35-882E-EC59490F43A6}"
EndProject
Project("{FAE04EC0-301F-11D3-BF4B-00C04F79EFBC}") = "Cgp.Aplicacao", "GCN.Aplicacao\Cgp.Aplicacao.csproj", "{113F5AB4-5F2E-4840-B082-00CE2936B276}"
EndProject
Project("{FAE04EC0-301F-11D3-BF4B-00C04F79EFBC}") = "Cgp", "Campeonato\Cgp.csproj", "{D50DAE33-A3C1-486F-8C7E-98F133EF2BD5}"
EndProject
Project("{FAE04EC0-301F-11D3-BF4B-00C04F79EFBC}") = "Cgp.SendGrid", "Campeonato.SendGrid\Cgp.SendGrid.csproj", "{AD5A819E-F820-4C22-8687-195276BF2481}"
EndProject
Global
	GlobalSection(SolutionConfigurationPlatforms) = preSolution
		Debug|Any CPU = Debug|Any CPU
		Release|Any CPU = Release|Any CPU
	EndGlobalSection
	GlobalSection(ProjectConfigurationPlatforms) = postSolution
		{2BB21161-BBE2-4E94-94AF-439A8E49B1AE}.Debug|Any CPU.ActiveCfg = Debug|Any CPU
		{2BB21161-BBE2-4E94-94AF-439A8E49B1AE}.Debug|Any CPU.Build.0 = Debug|Any CPU
		{2BB21161-BBE2-4E94-94AF-439A8E49B1AE}.Release|Any CPU.ActiveCfg = Release|Any CPU
		{2BB21161-BBE2-4E94-94AF-439A8E49B1AE}.Release|Any CPU.Build.0 = Release|Any CPU
		{8E93870E-B982-4D35-882E-EC59490F43A6}.Debug|Any CPU.ActiveCfg = Debug|Any CPU
		{8E93870E-B982-4D35-882E-EC59490F43A6}.Debug|Any CPU.Build.0 = Debug|Any CPU
		{8E93870E-B982-4D35-882E-EC59490F43A6}.Release|Any CPU.ActiveCfg = Release|Any CPU
		{8E93870E-B982-4D35-882E-EC59490F43A6}.Release|Any CPU.Build.0 = Release|Any CPU
		{113F5AB4-5F2E-4840-B082-00CE2936B276}.Debug|Any CPU.ActiveCfg = Debug|Any CPU
		{113F5AB4-5F2E-4840-B082-00CE2936B276}.Debug|Any CPU.Build.0 = Debug|Any CPU
		{113F5AB4-5F2E-4840-B082-00CE2936B276}.Release|Any CPU.ActiveCfg = Release|Any CPU
		{113F5AB4-5F2E-4840-B082-00CE2936B276}.Release|Any CPU.Build.0 = Release|Any CPU
		{D50DAE33-A3C1-486F-8C7E-98F133EF2BD5}.Debug|Any CPU.ActiveCfg = Debug|Any CPU
		{D50DAE33-A3C1-486F-8C7E-98F133EF2BD5}.Debug|Any CPU.Build.0 = Debug|Any CPU
		{D50DAE33-A3C1-486F-8C7E-98F133EF2BD5}.Release|Any CPU.ActiveCfg = Release|Any CPU
		{D50DAE33-A3C1-486F-8C7E-98F133EF2BD5}.Release|Any CPU.Build.0 = Release|Any CPU
		{AD5A819E-F820-4C22-8687-195276BF2481}.Debug|Any CPU.ActiveCfg = Debug|Any CPU
		{AD5A819E-F820-4C22-8687-195276BF2481}.Debug|Any CPU.Build.0 = Debug|Any CPU
		{AD5A819E-F820-4C22-8687-195276BF2481}.Release|Any CPU.ActiveCfg = Release|Any CPU
		{AD5A819E-F820-4C22-8687-195276BF2481}.Release|Any CPU.Build.0 = Release|Any CPU
	EndGlobalSection
	GlobalSection(SolutionProperties) = preSolution
		HideSolutionNode = FALSE
	EndGlobalSection
	GlobalSection(NestedProjects) = preSolution
		{2BB21161-BBE2-4E94-94AF-439A8E49B1AE} = {463190CB-2858-452F-9626-7889B332B112}
		{8E93870E-B982-4D35-882E-EC59490F43A6} = {37AF5A2A-7758-48B2-B6EB-930D43683F70}
		{113F5AB4-5F2E-4840-B082-00CE2936B276} = {2736FB9D-0F41-4C03-8E4E-E9F3D02A9F56}
		{D50DAE33-A3C1-486F-8C7E-98F133EF2BD5} = {CCB60EE4-D856-4FCD-830B-8A1B5C5321CD}
		{AD5A819E-F820-4C22-8687-195276BF2481} = {463190CB-2858-452F-9626-7889B332B112}
	EndGlobalSection
	GlobalSection(ExtensibilityGlobals) = postSolution
		SolutionGuid = {F21E070C-36BB-4134-8465-6A6DAB6C9A7F}
	EndGlobalSection
EndGlobal
