
Microsoft Visual Studio Solution File, Format Version 12.00
# Visual Studio Version 16
VisualStudioVersion = 16.0.31205.134
MinimumVisualStudioVersion = 10.0.40219.1
Project("{FAE04EC0-301F-11D3-BF4B-00C04F79EFBC}") = "Cgp.Infraestrutura", "CGP.Infraestrutura\Cgp.Infraestrutura.csproj", "{E2584EF1-F4DD-40EF-8C0B-AB4EF2C6FB71}"
EndProject
Project("{FAE04EC0-301F-11D3-BF4B-00C04F79EFBC}") = "Cgp.Dominio", "CGP.Dominio\Cgp.Dominio.csproj", "{664E2FC2-2533-402E-BBB3-7809755F1D39}"
EndProject
Project("{FAE04EC0-301F-11D3-BF4B-00C04F79EFBC}") = "Cgp.Aplicacao", "CGP.Aplicacao\Cgp.Aplicacao.csproj", "{071E6D6C-9D47-4D1D-8253-6B8E7852C14B}"
EndProject
Project("{FAE04EC0-301F-11D3-BF4B-00C04F79EFBC}") = "Cgp.SendGrid", "CGP.SendGrid\Cgp.SendGrid.csproj", "{AD5A819E-F820-4C22-8687-195276BF2481}"
EndProject
Project("{FAE04EC0-301F-11D3-BF4B-00C04F79EFBC}") = "Cgp.Web", "CGP\Cgp.Web.csproj", "{DB938795-BE03-4CD8-A523-F086D12BF25D}"
EndProject
Project("{2150E333-8FDC-42A3-9474-1A3956D46DE8}") = "Infraestrutura", "Infraestrutura", "{6D8EA747-2C5B-4921-88E0-26D961F1195F}"
EndProject
Project("{FAE04EC0-301F-11D3-BF4B-00C04F79EFBC}") = "Cgp.ComunicacaoViaHttp", "Cgp.ComunicacaoViaHttp\Cgp.ComunicacaoViaHttp.csproj", "{7C6E9430-31D0-44CD-BC1C-A0411985CEEF}"
EndProject
Project("{2150E333-8FDC-42A3-9474-1A3956D46DE8}") = "Aplicacao", "Aplicacao", "{DAC3C762-6562-480C-92C0-B1C33849152C}"
EndProject
Project("{2150E333-8FDC-42A3-9474-1A3956D46DE8}") = "Dominio", "Dominio", "{67987DAE-5285-4847-994B-A5D51B111A59}"
EndProject
Project("{FAE04EC0-301F-11D3-BF4B-00C04F79EFBC}") = "CGP.Telegram", "CGP.Telegram\CGP.Telegram.csproj", "{DBE846DE-A1B2-4125-8194-FA5A65542D0E}"
EndProject
Project("{FAE04EC0-301F-11D3-BF4B-00C04F79EFBC}") = "Cgp.Criptografia", "CGP.Criptografia\Cgp.Criptografia.csproj", "{2F33B61A-4F19-4133-8947-E798F76E4062}"
EndProject
Project("{FAE04EC0-301F-11D3-BF4B-00C04F79EFBC}") = "Cgp.Processos", "Cgp.Processos\Cgp.Processos.csproj", "{7D53D3D3-51A6-4052-B6AA-F3DBEF33170A}"
EndProject
Project("{FAE04EC0-301F-11D3-BF4B-00C04F79EFBC}") = "Cgp.Aplicacao.Processos", "Cgp.Aplicacao.Processos\Cgp.Aplicacao.Processos.csproj", "{2E0ADDF2-0F09-447A-9EC9-26DA5F744C92}"
EndProject
Global
	GlobalSection(SolutionConfigurationPlatforms) = preSolution
		Debug|Any CPU = Debug|Any CPU
		Release|Any CPU = Release|Any CPU
	EndGlobalSection
	GlobalSection(ProjectConfigurationPlatforms) = postSolution
		{E2584EF1-F4DD-40EF-8C0B-AB4EF2C6FB71}.Debug|Any CPU.ActiveCfg = Debug|Any CPU
		{E2584EF1-F4DD-40EF-8C0B-AB4EF2C6FB71}.Debug|Any CPU.Build.0 = Debug|Any CPU
		{E2584EF1-F4DD-40EF-8C0B-AB4EF2C6FB71}.Release|Any CPU.ActiveCfg = Release|Any CPU
		{E2584EF1-F4DD-40EF-8C0B-AB4EF2C6FB71}.Release|Any CPU.Build.0 = Release|Any CPU
		{664E2FC2-2533-402E-BBB3-7809755F1D39}.Debug|Any CPU.ActiveCfg = Debug|Any CPU
		{664E2FC2-2533-402E-BBB3-7809755F1D39}.Debug|Any CPU.Build.0 = Debug|Any CPU
		{664E2FC2-2533-402E-BBB3-7809755F1D39}.Release|Any CPU.ActiveCfg = Release|Any CPU
		{664E2FC2-2533-402E-BBB3-7809755F1D39}.Release|Any CPU.Build.0 = Release|Any CPU
		{071E6D6C-9D47-4D1D-8253-6B8E7852C14B}.Debug|Any CPU.ActiveCfg = Debug|Any CPU
		{071E6D6C-9D47-4D1D-8253-6B8E7852C14B}.Debug|Any CPU.Build.0 = Debug|Any CPU
		{071E6D6C-9D47-4D1D-8253-6B8E7852C14B}.Release|Any CPU.ActiveCfg = Release|Any CPU
		{071E6D6C-9D47-4D1D-8253-6B8E7852C14B}.Release|Any CPU.Build.0 = Release|Any CPU
		{AD5A819E-F820-4C22-8687-195276BF2481}.Debug|Any CPU.ActiveCfg = Debug|Any CPU
		{AD5A819E-F820-4C22-8687-195276BF2481}.Debug|Any CPU.Build.0 = Debug|Any CPU
		{AD5A819E-F820-4C22-8687-195276BF2481}.Release|Any CPU.ActiveCfg = Release|Any CPU
		{AD5A819E-F820-4C22-8687-195276BF2481}.Release|Any CPU.Build.0 = Release|Any CPU
		{DB938795-BE03-4CD8-A523-F086D12BF25D}.Debug|Any CPU.ActiveCfg = Debug|Any CPU
		{DB938795-BE03-4CD8-A523-F086D12BF25D}.Debug|Any CPU.Build.0 = Debug|Any CPU
		{DB938795-BE03-4CD8-A523-F086D12BF25D}.Release|Any CPU.ActiveCfg = Release|Any CPU
		{DB938795-BE03-4CD8-A523-F086D12BF25D}.Release|Any CPU.Build.0 = Release|Any CPU
		{7C6E9430-31D0-44CD-BC1C-A0411985CEEF}.Debug|Any CPU.ActiveCfg = Debug|Any CPU
		{7C6E9430-31D0-44CD-BC1C-A0411985CEEF}.Debug|Any CPU.Build.0 = Debug|Any CPU
		{7C6E9430-31D0-44CD-BC1C-A0411985CEEF}.Release|Any CPU.ActiveCfg = Release|Any CPU
		{7C6E9430-31D0-44CD-BC1C-A0411985CEEF}.Release|Any CPU.Build.0 = Release|Any CPU
		{DBE846DE-A1B2-4125-8194-FA5A65542D0E}.Debug|Any CPU.ActiveCfg = Debug|Any CPU
		{DBE846DE-A1B2-4125-8194-FA5A65542D0E}.Debug|Any CPU.Build.0 = Debug|Any CPU
		{DBE846DE-A1B2-4125-8194-FA5A65542D0E}.Release|Any CPU.ActiveCfg = Release|Any CPU
		{DBE846DE-A1B2-4125-8194-FA5A65542D0E}.Release|Any CPU.Build.0 = Release|Any CPU
		{2F33B61A-4F19-4133-8947-E798F76E4062}.Debug|Any CPU.ActiveCfg = Debug|Any CPU
		{2F33B61A-4F19-4133-8947-E798F76E4062}.Debug|Any CPU.Build.0 = Debug|Any CPU
		{2F33B61A-4F19-4133-8947-E798F76E4062}.Release|Any CPU.ActiveCfg = Release|Any CPU
		{2F33B61A-4F19-4133-8947-E798F76E4062}.Release|Any CPU.Build.0 = Release|Any CPU
		{7D53D3D3-51A6-4052-B6AA-F3DBEF33170A}.Debug|Any CPU.ActiveCfg = Debug|Any CPU
		{7D53D3D3-51A6-4052-B6AA-F3DBEF33170A}.Debug|Any CPU.Build.0 = Debug|Any CPU
		{7D53D3D3-51A6-4052-B6AA-F3DBEF33170A}.Release|Any CPU.ActiveCfg = Release|Any CPU
		{7D53D3D3-51A6-4052-B6AA-F3DBEF33170A}.Release|Any CPU.Build.0 = Release|Any CPU
		{2E0ADDF2-0F09-447A-9EC9-26DA5F744C92}.Debug|Any CPU.ActiveCfg = Debug|Any CPU
		{2E0ADDF2-0F09-447A-9EC9-26DA5F744C92}.Debug|Any CPU.Build.0 = Debug|Any CPU
		{2E0ADDF2-0F09-447A-9EC9-26DA5F744C92}.Release|Any CPU.ActiveCfg = Release|Any CPU
		{2E0ADDF2-0F09-447A-9EC9-26DA5F744C92}.Release|Any CPU.Build.0 = Release|Any CPU
	EndGlobalSection
	GlobalSection(SolutionProperties) = preSolution
		HideSolutionNode = FALSE
	EndGlobalSection
	GlobalSection(NestedProjects) = preSolution
		{E2584EF1-F4DD-40EF-8C0B-AB4EF2C6FB71} = {6D8EA747-2C5B-4921-88E0-26D961F1195F}
		{664E2FC2-2533-402E-BBB3-7809755F1D39} = {67987DAE-5285-4847-994B-A5D51B111A59}
		{071E6D6C-9D47-4D1D-8253-6B8E7852C14B} = {DAC3C762-6562-480C-92C0-B1C33849152C}
		{AD5A819E-F820-4C22-8687-195276BF2481} = {6D8EA747-2C5B-4921-88E0-26D961F1195F}
		{7C6E9430-31D0-44CD-BC1C-A0411985CEEF} = {6D8EA747-2C5B-4921-88E0-26D961F1195F}
		{DBE846DE-A1B2-4125-8194-FA5A65542D0E} = {6D8EA747-2C5B-4921-88E0-26D961F1195F}
		{2F33B61A-4F19-4133-8947-E798F76E4062} = {6D8EA747-2C5B-4921-88E0-26D961F1195F}
		{2E0ADDF2-0F09-447A-9EC9-26DA5F744C92} = {DAC3C762-6562-480C-92C0-B1C33849152C}
	EndGlobalSection
	GlobalSection(ExtensibilityGlobals) = postSolution
		SolutionGuid = {F21E070C-36BB-4134-8465-6A6DAB6C9A7F}
	EndGlobalSection
EndGlobal
